// !$*UTF8*$!
{
	archiveVersion = 1;
	classes = {
	};
	objectVersion = 50;
	objects = {

/* Begin PBXBuildFile section */
		108F84EFCD4D2815181C1515 /* Pods_ARP.framework in Frameworks */ = {isa = PBXBuildFile; fileRef = 3E4200843DD7F9DBD5F5D0CD /* Pods_ARP.framework */; };
		603C22C12255EDFC00795FCD /* Assets.xcassets in Resources */ = {isa = PBXBuildFile; fileRef = 603C22C02255EDFC00795FCD /* Assets.xcassets */; };
		603C22C722562F8000795FCD /* MeasurementViewController.swift in Sources */ = {isa = PBXBuildFile; fileRef = 603C22C622562F8000795FCD /* MeasurementViewController.swift */; };
		603C22CD2256330800795FCD /* ViewController.swift in Sources */ = {isa = PBXBuildFile; fileRef = 603C22CC2256330800795FCD /* ViewController.swift */; };
		603C22CF2256335E00795FCD /* InputViewController.swift in Sources */ = {isa = PBXBuildFile; fileRef = 603C22CE2256335E00795FCD /* InputViewController.swift */; };
		6085CF38224BC3C600B274FB /* DataCard.sks in Resources */ = {isa = PBXBuildFile; fileRef = 6085CF37224BC3C600B274FB /* DataCard.sks */; };
		609B54C5224281830027372A /* AppDelegate.swift in Sources */ = {isa = PBXBuildFile; fileRef = 609B54C4224281830027372A /* AppDelegate.swift */; };
		609B54C7224281830027372A /* art.scnassets in Resources */ = {isa = PBXBuildFile; fileRef = 609B54C6224281830027372A /* art.scnassets */; };
		609B54CC224281830027372A /* Main.storyboard in Resources */ = {isa = PBXBuildFile; fileRef = 609B54CA224281830027372A /* Main.storyboard */; };
		609B54D1224281860027372A /* LaunchScreen.storyboard in Resources */ = {isa = PBXBuildFile; fileRef = 609B54CF224281860027372A /* LaunchScreen.storyboard */; };
		609B54DC224281860027372A /* ARPTests.swift in Sources */ = {isa = PBXBuildFile; fileRef = 609B54DB224281860027372A /* ARPTests.swift */; };
		609B54E7224281860027372A /* ARPUITests.swift in Sources */ = {isa = PBXBuildFile; fileRef = 609B54E6224281860027372A /* ARPUITests.swift */; };
		60AABB5D225219FF000A7D0F /* Structs.swift in Sources */ = {isa = PBXBuildFile; fileRef = 60AABB5C225219FF000A7D0F /* Structs.swift */; };
		60CA3873224E2A3B00C68622 /* SettingCell.swift in Sources */ = {isa = PBXBuildFile; fileRef = 60CA3872224E2A3B00C68622 /* SettingCell.swift */; };
		60CA3875224E2B7000C68622 /* BaseCell.swift in Sources */ = {isa = PBXBuildFile; fileRef = 60CA3874224E2B7000C68622 /* BaseCell.swift */; };
		60E9225A224CD487008B1BFD /* GoogleService-Info.plist in Resources */ = {isa = PBXBuildFile; fileRef = 60E92259224CD487008B1BFD /* GoogleService-Info.plist */; };
		60E9225C224CD72F008B1BFD /* LoginViewController.swift in Sources */ = {isa = PBXBuildFile; fileRef = 60E9225B224CD72F008B1BFD /* LoginViewController.swift */; };
		60E9225E224CE12A008B1BFD /* SettingsLauncher.swift in Sources */ = {isa = PBXBuildFile; fileRef = 60E9225D224CE12A008B1BFD /* SettingsLauncher.swift */; };
		60EDEC27225B7CEA003EBDBF /* ProductInfo.sks in Resources */ = {isa = PBXBuildFile; fileRef = 60EDEC26225B7CEA003EBDBF /* ProductInfo.sks */; };
		B13FBDACBA03987BC82E15F5 /* Pods_ARPTests.framework in Frameworks */ = {isa = PBXBuildFile; fileRef = 33A22045D27FB564FF9C9BE8 /* Pods_ARPTests.framework */; };
		B97940E09B330D665A852437 /* Pods_ARPUITests.framework in Frameworks */ = {isa = PBXBuildFile; fileRef = EF06746AED4D1BD82C0363D0 /* Pods_ARPUITests.framework */; };
/* End PBXBuildFile section */

/* Begin PBXContainerItemProxy section */
		609B54D8224281860027372A /* PBXContainerItemProxy */ = {
			isa = PBXContainerItemProxy;
			containerPortal = 609B54B9224281830027372A /* Project object */;
			proxyType = 1;
			remoteGlobalIDString = 609B54C0224281830027372A;
			remoteInfo = ARP;
		};
		609B54E3224281860027372A /* PBXContainerItemProxy */ = {
			isa = PBXContainerItemProxy;
			containerPortal = 609B54B9224281830027372A /* Project object */;
			proxyType = 1;
			remoteGlobalIDString = 609B54C0224281830027372A;
			remoteInfo = ARP;
		};
/* End PBXContainerItemProxy section */

/* Begin PBXFileReference section */
		33A22045D27FB564FF9C9BE8 /* Pods_ARPTests.framework */ = {isa = PBXFileReference; explicitFileType = wrapper.framework; includeInIndex = 0; path = Pods_ARPTests.framework; sourceTree = BUILT_PRODUCTS_DIR; };
		3E4200843DD7F9DBD5F5D0CD /* Pods_ARP.framework */ = {isa = PBXFileReference; explicitFileType = wrapper.framework; includeInIndex = 0; path = Pods_ARP.framework; sourceTree = BUILT_PRODUCTS_DIR; };
		3E7D1BB96478AA117735F322 /* Pods-ARP.debug.xcconfig */ = {isa = PBXFileReference; includeInIndex = 1; lastKnownFileType = text.xcconfig; name = "Pods-ARP.debug.xcconfig"; path = "Target Support Files/Pods-ARP/Pods-ARP.debug.xcconfig"; sourceTree = "<group>"; };
		58AE512B21FA88231FB6B3C2 /* Pods-ARPTests.debug.xcconfig */ = {isa = PBXFileReference; includeInIndex = 1; lastKnownFileType = text.xcconfig; name = "Pods-ARPTests.debug.xcconfig"; path = "Target Support Files/Pods-ARPTests/Pods-ARPTests.debug.xcconfig"; sourceTree = "<group>"; };
		5EE4A66D43059E9AADA0E82C /* Pods-ARPUITests.debug.xcconfig */ = {isa = PBXFileReference; includeInIndex = 1; lastKnownFileType = text.xcconfig; name = "Pods-ARPUITests.debug.xcconfig"; path = "Target Support Files/Pods-ARPUITests/Pods-ARPUITests.debug.xcconfig"; sourceTree = "<group>"; };
		603C22C02255EDFC00795FCD /* Assets.xcassets */ = {isa = PBXFileReference; lastKnownFileType = folder.assetcatalog; path = Assets.xcassets; sourceTree = "<group>"; };
		603C22C622562F8000795FCD /* MeasurementViewController.swift */ = {isa = PBXFileReference; lastKnownFileType = sourcecode.swift; path = MeasurementViewController.swift; sourceTree = "<group>"; };
		603C22CC2256330800795FCD /* ViewController.swift */ = {isa = PBXFileReference; fileEncoding = 4; lastKnownFileType = sourcecode.swift; path = ViewController.swift; sourceTree = "<group>"; };
		603C22CE2256335E00795FCD /* InputViewController.swift */ = {isa = PBXFileReference; lastKnownFileType = sourcecode.swift; path = InputViewController.swift; sourceTree = "<group>"; };
		6085CF37224BC3C600B274FB /* DataCard.sks */ = {isa = PBXFileReference; lastKnownFileType = file.sks; path = DataCard.sks; sourceTree = "<group>"; };
		609B54C1224281830027372A /* ARP.app */ = {isa = PBXFileReference; explicitFileType = wrapper.application; includeInIndex = 0; path = ARP.app; sourceTree = BUILT_PRODUCTS_DIR; };
		609B54C4224281830027372A /* AppDelegate.swift */ = {isa = PBXFileReference; lastKnownFileType = sourcecode.swift; path = AppDelegate.swift; sourceTree = "<group>"; };
		609B54C6224281830027372A /* art.scnassets */ = {isa = PBXFileReference; lastKnownFileType = wrapper.scnassets; path = art.scnassets; sourceTree = "<group>"; };
		609B54CB224281830027372A /* Base */ = {isa = PBXFileReference; lastKnownFileType = file.storyboard; name = Base; path = Base.lproj/Main.storyboard; sourceTree = "<group>"; };
		609B54D0224281860027372A /* Base */ = {isa = PBXFileReference; lastKnownFileType = file.storyboard; name = Base; path = Base.lproj/LaunchScreen.storyboard; sourceTree = "<group>"; };
		609B54D7224281860027372A /* ARPTests.xctest */ = {isa = PBXFileReference; explicitFileType = wrapper.cfbundle; includeInIndex = 0; path = ARPTests.xctest; sourceTree = BUILT_PRODUCTS_DIR; };
		609B54DB224281860027372A /* ARPTests.swift */ = {isa = PBXFileReference; lastKnownFileType = sourcecode.swift; path = ARPTests.swift; sourceTree = "<group>"; };
		609B54DD224281860027372A /* Info.plist */ = {isa = PBXFileReference; lastKnownFileType = text.plist.xml; path = Info.plist; sourceTree = "<group>"; };
		609B54E2224281860027372A /* ARPUITests.xctest */ = {isa = PBXFileReference; explicitFileType = wrapper.cfbundle; includeInIndex = 0; path = ARPUITests.xctest; sourceTree = BUILT_PRODUCTS_DIR; };
		609B54E6224281860027372A /* ARPUITests.swift */ = {isa = PBXFileReference; lastKnownFileType = sourcecode.swift; path = ARPUITests.swift; sourceTree = "<group>"; };
		609B54E8224281860027372A /* Info.plist */ = {isa = PBXFileReference; lastKnownFileType = text.plist.xml; path = Info.plist; sourceTree = "<group>"; };
		60AABB5C225219FF000A7D0F /* Structs.swift */ = {isa = PBXFileReference; lastKnownFileType = sourcecode.swift; path = Structs.swift; sourceTree = "<group>"; };
		60CA3872224E2A3B00C68622 /* SettingCell.swift */ = {isa = PBXFileReference; lastKnownFileType = sourcecode.swift; path = SettingCell.swift; sourceTree = "<group>"; };
		60CA3874224E2B7000C68622 /* BaseCell.swift */ = {isa = PBXFileReference; lastKnownFileType = sourcecode.swift; path = BaseCell.swift; sourceTree = "<group>"; };
		60E92259224CD487008B1BFD /* GoogleService-Info.plist */ = {isa = PBXFileReference; fileEncoding = 4; lastKnownFileType = text.plist.xml; name = "GoogleService-Info.plist"; path = "../../../../Downloads/GoogleService-Info.plist"; sourceTree = "<group>"; };
		60E9225B224CD72F008B1BFD /* LoginViewController.swift */ = {isa = PBXFileReference; lastKnownFileType = sourcecode.swift; path = LoginViewController.swift; sourceTree = "<group>"; };
		60E9225D224CE12A008B1BFD /* SettingsLauncher.swift */ = {isa = PBXFileReference; lastKnownFileType = sourcecode.swift; path = SettingsLauncher.swift; sourceTree = "<group>"; };
		60EDEC26225B7CEA003EBDBF /* ProductInfo.sks */ = {isa = PBXFileReference; lastKnownFileType = file.sks; path = ProductInfo.sks; sourceTree = "<group>"; };
		70B080D41A81C236FB520A79 /* Pods-ARPTests.release.xcconfig */ = {isa = PBXFileReference; includeInIndex = 1; lastKnownFileType = text.xcconfig; name = "Pods-ARPTests.release.xcconfig"; path = "Target Support Files/Pods-ARPTests/Pods-ARPTests.release.xcconfig"; sourceTree = "<group>"; };
		8C55D8E99742009EA1CEE2BF /* Pods-ARP.release.xcconfig */ = {isa = PBXFileReference; includeInIndex = 1; lastKnownFileType = text.xcconfig; name = "Pods-ARP.release.xcconfig"; path = "Target Support Files/Pods-ARP/Pods-ARP.release.xcconfig"; sourceTree = "<group>"; };
		A05699BA254A8EA97044E737 /* Pods-ARPUITests.release.xcconfig */ = {isa = PBXFileReference; includeInIndex = 1; lastKnownFileType = text.xcconfig; name = "Pods-ARPUITests.release.xcconfig"; path = "Target Support Files/Pods-ARPUITests/Pods-ARPUITests.release.xcconfig"; sourceTree = "<group>"; };
		EF06746AED4D1BD82C0363D0 /* Pods_ARPUITests.framework */ = {isa = PBXFileReference; explicitFileType = wrapper.framework; includeInIndex = 0; path = Pods_ARPUITests.framework; sourceTree = BUILT_PRODUCTS_DIR; };
/* End PBXFileReference section */

/* Begin PBXFrameworksBuildPhase section */
		609B54BE224281830027372A /* Frameworks */ = {
			isa = PBXFrameworksBuildPhase;
			buildActionMask = 2147483647;
			files = (
				108F84EFCD4D2815181C1515 /* Pods_ARP.framework in Frameworks */,
			);
			runOnlyForDeploymentPostprocessing = 0;
		};
		609B54D4224281860027372A /* Frameworks */ = {
			isa = PBXFrameworksBuildPhase;
			buildActionMask = 2147483647;
			files = (
				B13FBDACBA03987BC82E15F5 /* Pods_ARPTests.framework in Frameworks */,
			);
			runOnlyForDeploymentPostprocessing = 0;
		};
		609B54DF224281860027372A /* Frameworks */ = {
			isa = PBXFrameworksBuildPhase;
			buildActionMask = 2147483647;
			files = (
				B97940E09B330D665A852437 /* Pods_ARPUITests.framework in Frameworks */,
			);
			runOnlyForDeploymentPostprocessing = 0;
		};
/* End PBXFrameworksBuildPhase section */

/* Begin PBXGroup section */
		447ABEC6044DD6A23F219F92 /* Frameworks */ = {
			isa = PBXGroup;
			children = (
				3E4200843DD7F9DBD5F5D0CD /* Pods_ARP.framework */,
				33A22045D27FB564FF9C9BE8 /* Pods_ARPTests.framework */,
				EF06746AED4D1BD82C0363D0 /* Pods_ARPUITests.framework */,
			);
			name = Frameworks;
			sourceTree = "<group>";
		};
		609B54B8224281830027372A = {
			isa = PBXGroup;
			children = (
				609B54C3224281830027372A /* ARP */,
				609B54DA224281860027372A /* ARPTests */,
				609B54E5224281860027372A /* ARPUITests */,
				609B54C2224281830027372A /* Products */,
				B5BBD4BD531C2D87D6A53431 /* Pods */,
				447ABEC6044DD6A23F219F92 /* Frameworks */,
			);
			sourceTree = "<group>";
		};
		609B54C2224281830027372A /* Products */ = {
			isa = PBXGroup;
			children = (
				609B54C1224281830027372A /* ARP.app */,
				609B54D7224281860027372A /* ARPTests.xctest */,
				609B54E2224281860027372A /* ARPUITests.xctest */,
			);
			name = Products;
			sourceTree = "<group>";
		};
		609B54C3224281830027372A /* ARP */ = {
			isa = PBXGroup;
			children = (
				609B54C4224281830027372A /* AppDelegate.swift */,
				609B54CA224281830027372A /* Main.storyboard */,
				609B54C6224281830027372A /* art.scnassets */,
				60E9225B224CD72F008B1BFD /* LoginViewController.swift */,
				603C22CC2256330800795FCD /* ViewController.swift */,
				603C22CE2256335E00795FCD /* InputViewController.swift */,
				603C22C622562F8000795FCD /* MeasurementViewController.swift */,
				60E9225D224CE12A008B1BFD /* SettingsLauncher.swift */,
				60CA3872224E2A3B00C68622 /* SettingCell.swift */,
				60CA3874224E2B7000C68622 /* BaseCell.swift */,
				60AABB5C225219FF000A7D0F /* Structs.swift */,
				603C22C02255EDFC00795FCD /* Assets.xcassets */,
				609B54CF224281860027372A /* LaunchScreen.storyboard */,
				6085CF37224BC3C600B274FB /* DataCard.sks */,
				60EDEC26225B7CEA003EBDBF /* ProductInfo.sks */,
				60E92259224CD487008B1BFD /* GoogleService-Info.plist */,
			);
			path = ARP;
			sourceTree = "<group>";
		};
		609B54DA224281860027372A /* ARPTests */ = {
			isa = PBXGroup;
			children = (
				609B54DB224281860027372A /* ARPTests.swift */,
				609B54DD224281860027372A /* Info.plist */,
			);
			path = ARPTests;
			sourceTree = "<group>";
		};
		609B54E5224281860027372A /* ARPUITests */ = {
			isa = PBXGroup;
			children = (
				609B54E6224281860027372A /* ARPUITests.swift */,
				609B54E8224281860027372A /* Info.plist */,
			);
			path = ARPUITests;
			sourceTree = "<group>";
		};
		B5BBD4BD531C2D87D6A53431 /* Pods */ = {
			isa = PBXGroup;
			children = (
				3E7D1BB96478AA117735F322 /* Pods-ARP.debug.xcconfig */,
				8C55D8E99742009EA1CEE2BF /* Pods-ARP.release.xcconfig */,
				58AE512B21FA88231FB6B3C2 /* Pods-ARPTests.debug.xcconfig */,
				70B080D41A81C236FB520A79 /* Pods-ARPTests.release.xcconfig */,
				5EE4A66D43059E9AADA0E82C /* Pods-ARPUITests.debug.xcconfig */,
				A05699BA254A8EA97044E737 /* Pods-ARPUITests.release.xcconfig */,
			);
			path = Pods;
			sourceTree = "<group>";
		};
/* End PBXGroup section */

/* Begin PBXNativeTarget section */
		609B54C0224281830027372A /* ARP */ = {
			isa = PBXNativeTarget;
			buildConfigurationList = 609B54EB224281860027372A /* Build configuration list for PBXNativeTarget "ARP" */;
			buildPhases = (
				EF89E8A6BB55F3F71CB8CFD0 /* [CP] Check Pods Manifest.lock */,
				609B54BD224281830027372A /* Sources */,
				609B54BE224281830027372A /* Frameworks */,
				609B54BF224281830027372A /* Resources */,
				3FF16469A3DF9D8AB609BC67 /* [CP] Embed Pods Frameworks */,
			);
			buildRules = (
			);
			dependencies = (
			);
			name = ARP;
			productName = ARP;
			productReference = 609B54C1224281830027372A /* ARP.app */;
			productType = "com.apple.product-type.application";
		};
		609B54D6224281860027372A /* ARPTests */ = {
			isa = PBXNativeTarget;
			buildConfigurationList = 609B54EE224281860027372A /* Build configuration list for PBXNativeTarget "ARPTests" */;
			buildPhases = (
				C357D7AA076DC680FF057603 /* [CP] Check Pods Manifest.lock */,
				609B54D3224281860027372A /* Sources */,
				609B54D4224281860027372A /* Frameworks */,
				609B54D5224281860027372A /* Resources */,
			);
			buildRules = (
			);
			dependencies = (
				609B54D9224281860027372A /* PBXTargetDependency */,
			);
			name = ARPTests;
			productName = ARPTests;
			productReference = 609B54D7224281860027372A /* ARPTests.xctest */;
			productType = "com.apple.product-type.bundle.unit-test";
		};
		609B54E1224281860027372A /* ARPUITests */ = {
			isa = PBXNativeTarget;
			buildConfigurationList = 609B54F1224281860027372A /* Build configuration list for PBXNativeTarget "ARPUITests" */;
			buildPhases = (
				B930C64DB45A3A2DAE4C1268 /* [CP] Check Pods Manifest.lock */,
				609B54DE224281860027372A /* Sources */,
				609B54DF224281860027372A /* Frameworks */,
				609B54E0224281860027372A /* Resources */,
			);
			buildRules = (
			);
			dependencies = (
				609B54E4224281860027372A /* PBXTargetDependency */,
			);
			name = ARPUITests;
			productName = ARPUITests;
			productReference = 609B54E2224281860027372A /* ARPUITests.xctest */;
			productType = "com.apple.product-type.bundle.ui-testing";
		};
/* End PBXNativeTarget section */

/* Begin PBXProject section */
		609B54B9224281830027372A /* Project object */ = {
			isa = PBXProject;
			attributes = {
				LastSwiftUpdateCheck = 1010;
				LastUpgradeCheck = 1010;
				ORGANIZATIONNAME = "Michael Hu";
				TargetAttributes = {
					609B54C0224281830027372A = {
						CreatedOnToolsVersion = 10.1;
					};
					609B54D6224281860027372A = {
						CreatedOnToolsVersion = 10.1;
						TestTargetID = 609B54C0224281830027372A;
					};
					609B54E1224281860027372A = {
						CreatedOnToolsVersion = 10.1;
						TestTargetID = 609B54C0224281830027372A;
					};
				};
			};
			buildConfigurationList = 609B54BC224281830027372A /* Build configuration list for PBXProject "ARP" */;
			compatibilityVersion = "Xcode 9.3";
			developmentRegion = en;
			hasScannedForEncodings = 0;
			knownRegions = (
				en,
				Base,
			);
			mainGroup = 609B54B8224281830027372A;
			productRefGroup = 609B54C2224281830027372A /* Products */;
			projectDirPath = "";
			projectRoot = "";
			targets = (
				609B54C0224281830027372A /* ARP */,
				609B54D6224281860027372A /* ARPTests */,
				609B54E1224281860027372A /* ARPUITests */,
			);
		};
/* End PBXProject section */

/* Begin PBXResourcesBuildPhase section */
		609B54BF224281830027372A /* Resources */ = {
			isa = PBXResourcesBuildPhase;
			buildActionMask = 2147483647;
			files = (
				60EDEC27225B7CEA003EBDBF /* ProductInfo.sks in Resources */,
				6085CF38224BC3C600B274FB /* DataCard.sks in Resources */,
				609B54C7224281830027372A /* art.scnassets in Resources */,
				609B54D1224281860027372A /* LaunchScreen.storyboard in Resources */,
				609B54CC224281830027372A /* Main.storyboard in Resources */,
				603C22C12255EDFC00795FCD /* Assets.xcassets in Resources */,
				60E9225A224CD487008B1BFD /* GoogleService-Info.plist in Resources */,
			);
			runOnlyForDeploymentPostprocessing = 0;
		};
		609B54D5224281860027372A /* Resources */ = {
			isa = PBXResourcesBuildPhase;
			buildActionMask = 2147483647;
			files = (
			);
			runOnlyForDeploymentPostprocessing = 0;
		};
		609B54E0224281860027372A /* Resources */ = {
			isa = PBXResourcesBuildPhase;
			buildActionMask = 2147483647;
			files = (
			);
			runOnlyForDeploymentPostprocessing = 0;
		};
/* End PBXResourcesBuildPhase section */

/* Begin PBXShellScriptBuildPhase section */
		3FF16469A3DF9D8AB609BC67 /* [CP] Embed Pods Frameworks */ = {
			isa = PBXShellScriptBuildPhase;
			buildActionMask = 2147483647;
			files = (
			);
			inputFileListPaths = (
			);
			inputPaths = (
				"${PODS_ROOT}/Target Support Files/Pods-ARP/Pods-ARP-frameworks.sh",
				"${BUILT_PRODUCTS_DIR}/GTMSessionFetcher/GTMSessionFetcher.framework",
				"${BUILT_PRODUCTS_DIR}/GoogleUtilities/GoogleUtilities.framework",
				"${BUILT_PRODUCTS_DIR}/leveldb-library/leveldb.framework",
				"${BUILT_PRODUCTS_DIR}/nanopb/nanopb.framework",
			);
			name = "[CP] Embed Pods Frameworks";
			outputFileListPaths = (
			);
			outputPaths = (
				"${TARGET_BUILD_DIR}/${FRAMEWORKS_FOLDER_PATH}/GTMSessionFetcher.framework",
				"${TARGET_BUILD_DIR}/${FRAMEWORKS_FOLDER_PATH}/GoogleUtilities.framework",
				"${TARGET_BUILD_DIR}/${FRAMEWORKS_FOLDER_PATH}/leveldb.framework",
				"${TARGET_BUILD_DIR}/${FRAMEWORKS_FOLDER_PATH}/nanopb.framework",
			);
			runOnlyForDeploymentPostprocessing = 0;
			shellPath = /bin/sh;
			shellScript = "\"${PODS_ROOT}/Target Support Files/Pods-ARP/Pods-ARP-frameworks.sh\"\n";
			showEnvVarsInLog = 0;
		};
		B930C64DB45A3A2DAE4C1268 /* [CP] Check Pods Manifest.lock */ = {
			isa = PBXShellScriptBuildPhase;
			buildActionMask = 2147483647;
			files = (
			);
			inputFileListPaths = (
			);
			inputPaths = (
				"${PODS_PODFILE_DIR_PATH}/Podfile.lock",
				"${PODS_ROOT}/Manifest.lock",
			);
			name = "[CP] Check Pods Manifest.lock";
			outputFileListPaths = (
			);
			outputPaths = (
				"$(DERIVED_FILE_DIR)/Pods-ARPUITests-checkManifestLockResult.txt",
			);
			runOnlyForDeploymentPostprocessing = 0;
			shellPath = /bin/sh;
			shellScript = "diff \"${PODS_PODFILE_DIR_PATH}/Podfile.lock\" \"${PODS_ROOT}/Manifest.lock\" > /dev/null\nif [ $? != 0 ] ; then\n    # print error to STDERR\n    echo \"error: The sandbox is not in sync with the Podfile.lock. Run 'pod install' or update your CocoaPods installation.\" >&2\n    exit 1\nfi\n# This output is used by Xcode 'outputs' to avoid re-running this script phase.\necho \"SUCCESS\" > \"${SCRIPT_OUTPUT_FILE_0}\"\n";
			showEnvVarsInLog = 0;
		};
		C357D7AA076DC680FF057603 /* [CP] Check Pods Manifest.lock */ = {
			isa = PBXShellScriptBuildPhase;
			buildActionMask = 2147483647;
			files = (
			);
			inputFileListPaths = (
			);
			inputPaths = (
				"${PODS_PODFILE_DIR_PATH}/Podfile.lock",
				"${PODS_ROOT}/Manifest.lock",
			);
			name = "[CP] Check Pods Manifest.lock";
			outputFileListPaths = (
			);
			outputPaths = (
				"$(DERIVED_FILE_DIR)/Pods-ARPTests-checkManifestLockResult.txt",
			);
			runOnlyForDeploymentPostprocessing = 0;
			shellPath = /bin/sh;
			shellScript = "diff \"${PODS_PODFILE_DIR_PATH}/Podfile.lock\" \"${PODS_ROOT}/Manifest.lock\" > /dev/null\nif [ $? != 0 ] ; then\n    # print error to STDERR\n    echo \"error: The sandbox is not in sync with the Podfile.lock. Run 'pod install' or update your CocoaPods installation.\" >&2\n    exit 1\nfi\n# This output is used by Xcode 'outputs' to avoid re-running this script phase.\necho \"SUCCESS\" > \"${SCRIPT_OUTPUT_FILE_0}\"\n";
			showEnvVarsInLog = 0;
		};
		EF89E8A6BB55F3F71CB8CFD0 /* [CP] Check Pods Manifest.lock */ = {
			isa = PBXShellScriptBuildPhase;
			buildActionMask = 2147483647;
			files = (
			);
			inputFileListPaths = (
			);
			inputPaths = (
				"${PODS_PODFILE_DIR_PATH}/Podfile.lock",
				"${PODS_ROOT}/Manifest.lock",
			);
			name = "[CP] Check Pods Manifest.lock";
			outputFileListPaths = (
			);
			outputPaths = (
				"$(DERIVED_FILE_DIR)/Pods-ARP-checkManifestLockResult.txt",
			);
			runOnlyForDeploymentPostprocessing = 0;
			shellPath = /bin/sh;
			shellScript = "diff \"${PODS_PODFILE_DIR_PATH}/Podfile.lock\" \"${PODS_ROOT}/Manifest.lock\" > /dev/null\nif [ $? != 0 ] ; then\n    # print error to STDERR\n    echo \"error: The sandbox is not in sync with the Podfile.lock. Run 'pod install' or update your CocoaPods installation.\" >&2\n    exit 1\nfi\n# This output is used by Xcode 'outputs' to avoid re-running this script phase.\necho \"SUCCESS\" > \"${SCRIPT_OUTPUT_FILE_0}\"\n";
			showEnvVarsInLog = 0;
		};
/* End PBXShellScriptBuildPhase section */

/* Begin PBXSourcesBuildPhase section */
		609B54BD224281830027372A /* Sources */ = {
			isa = PBXSourcesBuildPhase;
			buildActionMask = 2147483647;
			files = (
				60E9225E224CE12A008B1BFD /* SettingsLauncher.swift in Sources */,
				603C22CF2256335E00795FCD /* InputViewController.swift in Sources */,
				60E9225C224CD72F008B1BFD /* LoginViewController.swift in Sources */,
				60CA3873224E2A3B00C68622 /* SettingCell.swift in Sources */,
				603C22CD2256330800795FCD /* ViewController.swift in Sources */,
				60AABB5D225219FF000A7D0F /* Structs.swift in Sources */,
				60CA3875224E2B7000C68622 /* BaseCell.swift in Sources */,
				609B54C5224281830027372A /* AppDelegate.swift in Sources */,
				603C22C722562F8000795FCD /* MeasurementViewController.swift in Sources */,
			);
			runOnlyForDeploymentPostprocessing = 0;
		};
		609B54D3224281860027372A /* Sources */ = {
			isa = PBXSourcesBuildPhase;
			buildActionMask = 2147483647;
			files = (
				609B54DC224281860027372A /* ARPTests.swift in Sources */,
			);
			runOnlyForDeploymentPostprocessing = 0;
		};
		609B54DE224281860027372A /* Sources */ = {
			isa = PBXSourcesBuildPhase;
			buildActionMask = 2147483647;
			files = (
				609B54E7224281860027372A /* ARPUITests.swift in Sources */,
			);
			runOnlyForDeploymentPostprocessing = 0;
		};
/* End PBXSourcesBuildPhase section */

/* Begin PBXTargetDependency section */
		609B54D9224281860027372A /* PBXTargetDependency */ = {
			isa = PBXTargetDependency;
			target = 609B54C0224281830027372A /* ARP */;
			targetProxy = 609B54D8224281860027372A /* PBXContainerItemProxy */;
		};
		609B54E4224281860027372A /* PBXTargetDependency */ = {
			isa = PBXTargetDependency;
			target = 609B54C0224281830027372A /* ARP */;
			targetProxy = 609B54E3224281860027372A /* PBXContainerItemProxy */;
		};
/* End PBXTargetDependency section */

/* Begin PBXVariantGroup section */
		609B54CA224281830027372A /* Main.storyboard */ = {
			isa = PBXVariantGroup;
			children = (
				609B54CB224281830027372A /* Base */,
			);
			name = Main.storyboard;
			sourceTree = "<group>";
		};
		609B54CF224281860027372A /* LaunchScreen.storyboard */ = {
			isa = PBXVariantGroup;
			children = (
				609B54D0224281860027372A /* Base */,
			);
			name = LaunchScreen.storyboard;
			sourceTree = "<group>";
		};
/* End PBXVariantGroup section */

/* Begin XCBuildConfiguration section */
		609B54E9224281860027372A /* Debug */ = {
			isa = XCBuildConfiguration;
			buildSettings = {
				ALWAYS_SEARCH_USER_PATHS = NO;
				CLANG_ANALYZER_NONNULL = YES;
				CLANG_ANALYZER_NUMBER_OBJECT_CONVERSION = YES_AGGRESSIVE;
				CLANG_CXX_LANGUAGE_STANDARD = "gnu++14";
				CLANG_CXX_LIBRARY = "libc++";
				CLANG_ENABLE_MODULES = YES;
				CLANG_ENABLE_OBJC_ARC = YES;
				CLANG_ENABLE_OBJC_WEAK = YES;
				CLANG_WARN_BLOCK_CAPTURE_AUTORELEASING = YES;
				CLANG_WARN_BOOL_CONVERSION = YES;
				CLANG_WARN_COMMA = YES;
				CLANG_WARN_CONSTANT_CONVERSION = YES;
				CLANG_WARN_DEPRECATED_OBJC_IMPLEMENTATIONS = YES;
				CLANG_WARN_DIRECT_OBJC_ISA_USAGE = YES_ERROR;
				CLANG_WARN_DOCUMENTATION_COMMENTS = YES;
				CLANG_WARN_EMPTY_BODY = YES;
				CLANG_WARN_ENUM_CONVERSION = YES;
				CLANG_WARN_INFINITE_RECURSION = YES;
				CLANG_WARN_INT_CONVERSION = YES;
				CLANG_WARN_NON_LITERAL_NULL_CONVERSION = YES;
				CLANG_WARN_OBJC_IMPLICIT_RETAIN_SELF = YES;
				CLANG_WARN_OBJC_LITERAL_CONVERSION = YES;
				CLANG_WARN_OBJC_ROOT_CLASS = YES_ERROR;
				CLANG_WARN_RANGE_LOOP_ANALYSIS = YES;
				CLANG_WARN_STRICT_PROTOTYPES = YES;
				CLANG_WARN_SUSPICIOUS_MOVE = YES;
				CLANG_WARN_UNGUARDED_AVAILABILITY = YES_AGGRESSIVE;
				CLANG_WARN_UNREACHABLE_CODE = YES;
				CLANG_WARN__DUPLICATE_METHOD_MATCH = YES;
				CODE_SIGN_IDENTITY = "iPhone Developer";
				COPY_PHASE_STRIP = NO;
				DEBUG_INFORMATION_FORMAT = dwarf;
				ENABLE_STRICT_OBJC_MSGSEND = YES;
				ENABLE_TESTABILITY = YES;
				GCC_C_LANGUAGE_STANDARD = gnu11;
				GCC_DYNAMIC_NO_PIC = NO;
				GCC_NO_COMMON_BLOCKS = YES;
				GCC_OPTIMIZATION_LEVEL = 0;
				GCC_PREPROCESSOR_DEFINITIONS = (
					"DEBUG=1",
					"$(inherited)",
				);
				GCC_WARN_64_TO_32_BIT_CONVERSION = YES;
				GCC_WARN_ABOUT_RETURN_TYPE = YES_ERROR;
				GCC_WARN_UNDECLARED_SELECTOR = YES;
				GCC_WARN_UNINITIALIZED_AUTOS = YES_AGGRESSIVE;
				GCC_WARN_UNUSED_FUNCTION = YES;
				GCC_WARN_UNUSED_VARIABLE = YES;
				IPHONEOS_DEPLOYMENT_TARGET = 12.1;
				MTL_ENABLE_DEBUG_INFO = INCLUDE_SOURCE;
				MTL_FAST_MATH = YES;
				ONLY_ACTIVE_ARCH = YES;
				SDKROOT = iphoneos;
				SWIFT_ACTIVE_COMPILATION_CONDITIONS = DEBUG;
				SWIFT_OPTIMIZATION_LEVEL = "-Onone";
			};
			name = Debug;
		};
		609B54EA224281860027372A /* Release */ = {
			isa = XCBuildConfiguration;
			buildSettings = {
				ALWAYS_SEARCH_USER_PATHS = NO;
				CLANG_ANALYZER_NONNULL = YES;
				CLANG_ANALYZER_NUMBER_OBJECT_CONVERSION = YES_AGGRESSIVE;
				CLANG_CXX_LANGUAGE_STANDARD = "gnu++14";
				CLANG_CXX_LIBRARY = "libc++";
				CLANG_ENABLE_MODULES = YES;
				CLANG_ENABLE_OBJC_ARC = YES;
				CLANG_ENABLE_OBJC_WEAK = YES;
				CLANG_WARN_BLOCK_CAPTURE_AUTORELEASING = YES;
				CLANG_WARN_BOOL_CONVERSION = YES;
				CLANG_WARN_COMMA = YES;
				CLANG_WARN_CONSTANT_CONVERSION = YES;
				CLANG_WARN_DEPRECATED_OBJC_IMPLEMENTATIONS = YES;
				CLANG_WARN_DIRECT_OBJC_ISA_USAGE = YES_ERROR;
				CLANG_WARN_DOCUMENTATION_COMMENTS = YES;
				CLANG_WARN_EMPTY_BODY = YES;
				CLANG_WARN_ENUM_CONVERSION = YES;
				CLANG_WARN_INFINITE_RECURSION = YES;
				CLANG_WARN_INT_CONVERSION = YES;
				CLANG_WARN_NON_LITERAL_NULL_CONVERSION = YES;
				CLANG_WARN_OBJC_IMPLICIT_RETAIN_SELF = YES;
				CLANG_WARN_OBJC_LITERAL_CONVERSION = YES;
				CLANG_WARN_OBJC_ROOT_CLASS = YES_ERROR;
				CLANG_WARN_RANGE_LOOP_ANALYSIS = YES;
				CLANG_WARN_STRICT_PROTOTYPES = YES;
				CLANG_WARN_SUSPICIOUS_MOVE = YES;
				CLANG_WARN_UNGUARDED_AVAILABILITY = YES_AGGRESSIVE;
				CLANG_WARN_UNREACHABLE_CODE = YES;
				CLANG_WARN__DUPLICATE_METHOD_MATCH = YES;
				CODE_SIGN_IDENTITY = "iPhone Developer";
				COPY_PHASE_STRIP = NO;
				DEBUG_INFORMATION_FORMAT = "dwarf-with-dsym";
				ENABLE_NS_ASSERTIONS = NO;
				ENABLE_STRICT_OBJC_MSGSEND = YES;
				GCC_C_LANGUAGE_STANDARD = gnu11;
				GCC_NO_COMMON_BLOCKS = YES;
				GCC_WARN_64_TO_32_BIT_CONVERSION = YES;
				GCC_WARN_ABOUT_RETURN_TYPE = YES_ERROR;
				GCC_WARN_UNDECLARED_SELECTOR = YES;
				GCC_WARN_UNINITIALIZED_AUTOS = YES_AGGRESSIVE;
				GCC_WARN_UNUSED_FUNCTION = YES;
				GCC_WARN_UNUSED_VARIABLE = YES;
				IPHONEOS_DEPLOYMENT_TARGET = 12.1;
				MTL_ENABLE_DEBUG_INFO = NO;
				MTL_FAST_MATH = YES;
				SDKROOT = iphoneos;
				SWIFT_COMPILATION_MODE = wholemodule;
				SWIFT_OPTIMIZATION_LEVEL = "-O";
				VALIDATE_PRODUCT = YES;
			};
			name = Release;
		};
		609B54EC224281860027372A /* Debug */ = {
			isa = XCBuildConfiguration;
			baseConfigurationReference = 3E7D1BB96478AA117735F322 /* Pods-ARP.debug.xcconfig */;
			buildSettings = {
				ASSETCATALOG_COMPILER_APPICON_NAME = AppIcon;
				CODE_SIGN_STYLE = Automatic;
				DEVELOPMENT_TEAM = N85Z38G8MP;
				INFOPLIST_FILE = ARP/Info.plist;
				LD_RUNPATH_SEARCH_PATHS = (
					"$(inherited)",
					"@executable_path/Frameworks",
				);
				PRODUCT_BUNDLE_IDENTIFIER = MHGroup.ARP;
				PRODUCT_NAME = "$(TARGET_NAME)";
				SWIFT_VERSION = 4.2;
				TARGETED_DEVICE_FAMILY = "1,2";
			};
			name = Debug;
		};
		609B54ED224281860027372A /* Release */ = {
			isa = XCBuildConfiguration;
			baseConfigurationReference = 8C55D8E99742009EA1CEE2BF /* Pods-ARP.release.xcconfig */;
			buildSettings = {
				ASSETCATALOG_COMPILER_APPICON_NAME = AppIcon;
				CODE_SIGN_STYLE = Automatic;
				DEVELOPMENT_TEAM = N85Z38G8MP;
				INFOPLIST_FILE = ARP/Info.plist;
				LD_RUNPATH_SEARCH_PATHS = (
					"$(inherited)",
					"@executable_path/Frameworks",
				);
				PRODUCT_BUNDLE_IDENTIFIER = MHGroup.ARP;
				PRODUCT_NAME = "$(TARGET_NAME)";
				SWIFT_VERSION = 4.2;
				TARGETED_DEVICE_FAMILY = "1,2";
			};
			name = Release;
		};
		609B54EF224281860027372A /* Debug */ = {
			isa = XCBuildConfiguration;
			baseConfigurationReference = 58AE512B21FA88231FB6B3C2 /* Pods-ARPTests.debug.xcconfig */;
			buildSettings = {
				ALWAYS_EMBED_SWIFT_STANDARD_LIBRARIES = YES;
				BUNDLE_LOADER = "$(TEST_HOST)";
				CODE_SIGN_STYLE = Automatic;
				DEVELOPMENT_TEAM = N85Z38G8MP;
				INFOPLIST_FILE = ARPTests/Info.plist;
				LD_RUNPATH_SEARCH_PATHS = (
					"$(inherited)",
					"@executable_path/Frameworks",
					"@loader_path/Frameworks",
				);
				PRODUCT_BUNDLE_IDENTIFIER = MHGroup.ARPTests;
				PRODUCT_NAME = "$(TARGET_NAME)";
				SWIFT_VERSION = 4.2;
				TARGETED_DEVICE_FAMILY = "1,2";
				TEST_HOST = "$(BUILT_PRODUCTS_DIR)/ARP.app/ARP";
			};
			name = Debug;
		};
		609B54F0224281860027372A /* Release */ = {
			isa = XCBuildConfiguration;
			baseConfigurationReference = 70B080D41A81C236FB520A79 /* Pods-ARPTests.release.xcconfig */;
			buildSettings = {
				ALWAYS_EMBED_SWIFT_STANDARD_LIBRARIES = YES;
				BUNDLE_LOADER = "$(TEST_HOST)";
				CODE_SIGN_STYLE = Automatic;
				DEVELOPMENT_TEAM = N85Z38G8MP;
				INFOPLIST_FILE = ARPTests/Info.plist;
				LD_RUNPATH_SEARCH_PATHS = (
					"$(inherited)",
					"@executable_path/Frameworks",
					"@loader_path/Frameworks",
				);
				PRODUCT_BUNDLE_IDENTIFIER = MHGroup.ARPTests;
				PRODUCT_NAME = "$(TARGET_NAME)";
				SWIFT_VERSION = 4.2;
				TARGETED_DEVICE_FAMILY = "1,2";
				TEST_HOST = "$(BUILT_PRODUCTS_DIR)/ARP.app/ARP";
			};
			name = Release;
		};
		609B54F2224281860027372A /* Debug */ = {
			isa = XCBuildConfiguration;
			baseConfigurationReference = 5EE4A66D43059E9AADA0E82C /* Pods-ARPUITests.debug.xcconfig */;
			buildSettings = {
				ALWAYS_EMBED_SWIFT_STANDARD_LIBRARIES = YES;
				CODE_SIGN_STYLE = Automatic;
				DEVELOPMENT_TEAM = N85Z38G8MP;
				INFOPLIST_FILE = ARPUITests/Info.plist;
				LD_RUNPATH_SEARCH_PATHS = (
					"$(inherited)",
					"@executable_path/Frameworks",
					"@loader_path/Frameworks",
				);
				PRODUCT_BUNDLE_IDENTIFIER = MHGroup.ARPUITests;
				PRODUCT_NAME = "$(TARGET_NAME)";
				SWIFT_VERSION = 4.2;
				TARGETED_DEVICE_FAMILY = "1,2";
				TEST_TARGET_NAME = ARP;
			};
			name = Debug;
		};
		609B54F3224281860027372A /* Release */ = {
			isa = XCBuildConfiguration;
			baseConfigurationReference = A05699BA254A8EA97044E737 /* Pods-ARPUITests.release.xcconfig */;
			buildSettings = {
				ALWAYS_EMBED_SWIFT_STANDARD_LIBRARIES = YES;
				CODE_SIGN_STYLE = Automatic;
				DEVELOPMENT_TEAM = N85Z38G8MP;
				INFOPLIST_FILE = ARPUITests/Info.plist;
				LD_RUNPATH_SEARCH_PATHS = (
					"$(inherited)",
					"@executable_path/Frameworks",
					"@loader_path/Frameworks",
				);
				PRODUCT_BUNDLE_IDENTIFIER = MHGroup.ARPUITests;
				PRODUCT_NAME = "$(TARGET_NAME)";
				SWIFT_VERSION = 4.2;
				TARGETED_DEVICE_FAMILY = "1,2";
				TEST_TARGET_NAME = ARP;
			};
			name = Release;
		};
/* End XCBuildConfiguration section */

/* Begin XCConfigurationList section */
		609B54BC224281830027372A /* Build configuration list for PBXProject "ARP" */ = {
			isa = XCConfigurationList;
			buildConfigurations = (
				609B54E9224281860027372A /* Debug */,
				609B54EA224281860027372A /* Release */,
			);
			defaultConfigurationIsVisible = 0;
			defaultConfigurationName = Release;
		};
		609B54EB224281860027372A /* Build configuration list for PBXNativeTarget "ARP" */ = {
			isa = XCConfigurationList;
			buildConfigurations = (
				609B54EC224281860027372A /* Debug */,
				609B54ED224281860027372A /* Release */,
			);
			defaultConfigurationIsVisible = 0;
			defaultConfigurationName = Release;
		};
		609B54EE224281860027372A /* Build configuration list for PBXNativeTarget "ARPTests" */ = {
			isa = XCConfigurationList;
			buildConfigurations = (
				609B54EF224281860027372A /* Debug */,
				609B54F0224281860027372A /* Release */,
			);
			defaultConfigurationIsVisible = 0;
			defaultConfigurationName = Release;
		};
		609B54F1224281860027372A /* Build configuration list for PBXNativeTarget "ARPUITests" */ = {
			isa = XCConfigurationList;
			buildConfigurations = (
				609B54F2224281860027372A /* Debug */,
				609B54F3224281860027372A /* Release */,
			);
			defaultConfigurationIsVisible = 0;
			defaultConfigurationName = Release;
		};
/* End XCConfigurationList section */
	};
	rootObject = 609B54B9224281830027372A /* Project object */;
}
